
Microsoft Visual Studio Solution File, Format Version 12.00
# Visual Studio 15
Project("{FAE04EC0-301F-11D3-BF4B-00C04F79EFBC}") = "Assembly-CSharp", "Assembly-CSharp.csproj", "{EEB99F49-92C5-0EFE-CF9F-DAEB98A983F6}"
EndProject
Project("{FAE04EC0-301F-11D3-BF4B-00C04F79EFBC}") = "Assembly-CSharp-Editor", "Assembly-CSharp-Editor.csproj", "{14241273-46B1-BDE8-5E3C-8722007C84EF}"
EndProject
Global
	GlobalSection(SolutionConfigurationPlatforms) = preSolution
		Debug|Any CPU = Debug|Any CPU
		Release|Any CPU = Release|Any CPU
	EndGlobalSection
	GlobalSection(ProjectConfigurationPlatforms) = postSolution
		{EEB99F49-92C5-0EFE-CF9F-DAEB98A983F6}.Debug|Any CPU.ActiveCfg = Debug|Any CPU
		{EEB99F49-92C5-0EFE-CF9F-DAEB98A983F6}.Debug|Any CPU.Build.0 = Debug|Any CPU
		{EEB99F49-92C5-0EFE-CF9F-DAEB98A983F6}.Release|Any CPU.ActiveCfg = Release|Any CPU
		{EEB99F49-92C5-0EFE-CF9F-DAEB98A983F6}.Release|Any CPU.Build.0 = Release|Any CPU
		{14241273-46B1-BDE8-5E3C-8722007C84EF}.Debug|Any CPU.ActiveCfg = Debug|Any CPU
		{14241273-46B1-BDE8-5E3C-8722007C84EF}.Debug|Any CPU.Build.0 = Debug|Any CPU
		{14241273-46B1-BDE8-5E3C-8722007C84EF}.Release|Any CPU.ActiveCfg = Release|Any CPU
		{14241273-46B1-BDE8-5E3C-8722007C84EF}.Release|Any CPU.Build.0 = Release|Any CPU
	EndGlobalSection
	GlobalSection(SolutionProperties) = preSolution
		HideSolutionNode = FALSE
	EndGlobalSection
EndGlobal
